
Microsoft Visual Studio Solution File, Format Version 12.00
# Visual Studio 15
VisualStudioVersion = 15.0.27130.2027
MinimumVisualStudioVersion = 10.0.40219.1
Project("{FAE04EC0-301F-11D3-BF4B-00C04F79EFBC}") = "Sort the odd", "Sort the odd\Sort the odd.csproj", "{714C7373-7B4C-4B12-BCE5-DF418B589F15}"
EndProject
Project("{FAE04EC0-301F-11D3-BF4B-00C04F79EFBC}") = "SortTheOddTest", "SortTheOddTest\SortTheOddTest.csproj", "{74129CF5-603D-457B-85F4-4DBC215D1EB5}"
EndProject
Global
	GlobalSection(SolutionConfigurationPlatforms) = preSolution
		Debug|Any CPU = Debug|Any CPU
		Release|Any CPU = Release|Any CPU
	EndGlobalSection
	GlobalSection(ProjectConfigurationPlatforms) = postSolution
		{714C7373-7B4C-4B12-BCE5-DF418B589F15}.Debug|Any CPU.ActiveCfg = Debug|Any CPU
		{714C7373-7B4C-4B12-BCE5-DF418B589F15}.Debug|Any CPU.Build.0 = Debug|Any CPU
		{714C7373-7B4C-4B12-BCE5-DF418B589F15}.Release|Any CPU.ActiveCfg = Release|Any CPU
		{714C7373-7B4C-4B12-BCE5-DF418B589F15}.Release|Any CPU.Build.0 = Release|Any CPU
		{74129CF5-603D-457B-85F4-4DBC215D1EB5}.Debug|Any CPU.ActiveCfg = Debug|Any CPU
		{74129CF5-603D-457B-85F4-4DBC215D1EB5}.Debug|Any CPU.Build.0 = Debug|Any CPU
		{74129CF5-603D-457B-85F4-4DBC215D1EB5}.Release|Any CPU.ActiveCfg = Release|Any CPU
		{74129CF5-603D-457B-85F4-4DBC215D1EB5}.Release|Any CPU.Build.0 = Release|Any CPU
	EndGlobalSection
	GlobalSection(SolutionProperties) = preSolution
		HideSolutionNode = FALSE
	EndGlobalSection
	GlobalSection(ExtensibilityGlobals) = postSolution
		SolutionGuid = {B52FC62D-5A00-4413-B977-573A56570265}
	EndGlobalSection
EndGlobal
